
Microsoft Visual Studio Solution File, Format Version 12.00
# Visual Studio 2012
Project("{FAE04EC0-301F-11D3-BF4B-00C04F79EFBC}") = "QuanLiThuVienGUI", "QuanLiThuVienGUI\QuanLiThuVienGUI.csproj", "{C729460D-4C08-4726-98EB-47D5CB96286D}"
EndProject
Project("{FAE04EC0-301F-11D3-BF4B-00C04F79EFBC}") = "QuanLiThuVienBUS", "QuanLiThuVienBUS\QuanLiThuVienBUS.csproj", "{E3B99EA3-3692-4FD6-AC9F-2CA6C04A259B}"
EndProject
Project("{FAE04EC0-301F-11D3-BF4B-00C04F79EFBC}") = "QuanLiThuVienDAL", "QuanLiThuVienDAL\QuanLiThuVienDAL.csproj", "{6F6C8998-2545-44E6-B951-ECABEADCEA26}"
EndProject
Project("{FAE04EC0-301F-11D3-BF4B-00C04F79EFBC}") = "QuanLiThuVienDTO", "QuanLiThuVienDTO\QuanLiThuVienDTO.csproj", "{23683DAA-7959-45FB-A885-8A14069B3F60}"
EndProject
Project("{FAE04EC0-301F-11D3-BF4B-00C04F79EFBC}") = "dbConnection", "dbConnection\dbConnection.csproj", "{B9B2035E-5EDE-4E39-893F-B2A86722ED2A}"
EndProject
Global
	GlobalSection(SolutionConfigurationPlatforms) = preSolution
		Debug|Any CPU = Debug|Any CPU
		Release|Any CPU = Release|Any CPU
	EndGlobalSection
	GlobalSection(ProjectConfigurationPlatforms) = postSolution
		{C729460D-4C08-4726-98EB-47D5CB96286D}.Debug|Any CPU.ActiveCfg = Debug|Any CPU
		{C729460D-4C08-4726-98EB-47D5CB96286D}.Debug|Any CPU.Build.0 = Debug|Any CPU
		{C729460D-4C08-4726-98EB-47D5CB96286D}.Release|Any CPU.ActiveCfg = Release|Any CPU
		{C729460D-4C08-4726-98EB-47D5CB96286D}.Release|Any CPU.Build.0 = Release|Any CPU
		{E3B99EA3-3692-4FD6-AC9F-2CA6C04A259B}.Debug|Any CPU.ActiveCfg = Debug|Any CPU
		{E3B99EA3-3692-4FD6-AC9F-2CA6C04A259B}.Debug|Any CPU.Build.0 = Debug|Any CPU
		{E3B99EA3-3692-4FD6-AC9F-2CA6C04A259B}.Release|Any CPU.ActiveCfg = Release|Any CPU
		{E3B99EA3-3692-4FD6-AC9F-2CA6C04A259B}.Release|Any CPU.Build.0 = Release|Any CPU
		{6F6C8998-2545-44E6-B951-ECABEADCEA26}.Debug|Any CPU.ActiveCfg = Debug|Any CPU
		{6F6C8998-2545-44E6-B951-ECABEADCEA26}.Debug|Any CPU.Build.0 = Debug|Any CPU
		{6F6C8998-2545-44E6-B951-ECABEADCEA26}.Release|Any CPU.ActiveCfg = Release|Any CPU
		{6F6C8998-2545-44E6-B951-ECABEADCEA26}.Release|Any CPU.Build.0 = Release|Any CPU
		{23683DAA-7959-45FB-A885-8A14069B3F60}.Debug|Any CPU.ActiveCfg = Debug|Any CPU
		{23683DAA-7959-45FB-A885-8A14069B3F60}.Debug|Any CPU.Build.0 = Debug|Any CPU
		{23683DAA-7959-45FB-A885-8A14069B3F60}.Release|Any CPU.ActiveCfg = Release|Any CPU
		{23683DAA-7959-45FB-A885-8A14069B3F60}.Release|Any CPU.Build.0 = Release|Any CPU
		{B9B2035E-5EDE-4E39-893F-B2A86722ED2A}.Debug|Any CPU.ActiveCfg = Debug|Any CPU
		{B9B2035E-5EDE-4E39-893F-B2A86722ED2A}.Debug|Any CPU.Build.0 = Debug|Any CPU
		{B9B2035E-5EDE-4E39-893F-B2A86722ED2A}.Release|Any CPU.ActiveCfg = Release|Any CPU
		{B9B2035E-5EDE-4E39-893F-B2A86722ED2A}.Release|Any CPU.Build.0 = Release|Any CPU
	EndGlobalSection
	GlobalSection(SolutionProperties) = preSolution
		HideSolutionNode = FALSE
	EndGlobalSection
	GlobalSection(ExtensibilityGlobals) = postSolution
		SolutionGuid = {658815C3-1776-4882-8B08-C83D1DA0D66A}
	EndGlobalSection
EndGlobal
